
Microsoft Visual Studio Solution File, Format Version 12.00
# Visual Studio 15
VisualStudioVersion = 15.0.27428.2011
MinimumVisualStudioVersion = 10.0.40219.1
Project("{FAE04EC0-301F-11D3-BF4B-00C04F79EFBC}") = "Mocanu", "Mocanu\Mocanu.csproj", "{8F5A7273-3042-4AA5-8803-389A8BC08B0F}"
EndProject
Global
	GlobalSection(SolutionConfigurationPlatforms) = preSolution
		Debug|Any CPU = Debug|Any CPU
		Release|Any CPU = Release|Any CPU
	EndGlobalSection
	GlobalSection(ProjectConfigurationPlatforms) = postSolution
		{8F5A7273-3042-4AA5-8803-389A8BC08B0F}.Debug|Any CPU.ActiveCfg = Debug|Any CPU
		{8F5A7273-3042-4AA5-8803-389A8BC08B0F}.Debug|Any CPU.Build.0 = Debug|Any CPU
		{8F5A7273-3042-4AA5-8803-389A8BC08B0F}.Release|Any CPU.ActiveCfg = Release|Any CPU
		{8F5A7273-3042-4AA5-8803-389A8BC08B0F}.Release|Any CPU.Build.0 = Release|Any CPU
	EndGlobalSection
	GlobalSection(SolutionProperties) = preSolution
		HideSolutionNode = FALSE
	EndGlobalSection
	GlobalSection(ExtensibilityGlobals) = postSolution
		SolutionGuid = {0CF15C1A-8F72-4038-9331-996C040C6CBC}
	EndGlobalSection
EndGlobal
